
Microsoft Visual Studio Solution File, Format Version 12.00
# Visual Studio 2012
Project("{FAE04EC0-301F-11D3-BF4B-00C04F79EFBC}") = "Web", "Web\Web.csproj", "{30C6D500-01E9-4946-AC94-7FC9BD57DF27}"
EndProject
Project("{FAE04EC0-301F-11D3-BF4B-00C04F79EFBC}") = "BusinessLogic", "BusinessLogic\BusinessLogic.csproj", "{65267A9F-A1EF-44CB-BB99-C36B2C914FC2}"
EndProject
Project("{FAE04EC0-301F-11D3-BF4B-00C04F79EFBC}") = "Data", "Data\Data.csproj", "{CEB89DA9-4FA6-44E8-831C-950FB6BEED20}"
EndProject
Project("{2150E333-8FDC-42A3-9474-1A3956D46DE8}") = ".nuget", ".nuget", "{AFCFD3A3-20AC-44F8-B55E-EC9BE49E8A51}"
	ProjectSection(SolutionItems) = preProject
		.nuget\NuGet.Config = .nuget\NuGet.Config
		.nuget\NuGet.exe = .nuget\NuGet.exe
		.nuget\NuGet.targets = .nuget\NuGet.targets
	EndProjectSection
EndProject
Project("{FAE04EC0-301F-11D3-BF4B-00C04F79EFBC}") = "UnitTests", "UnitTests\UnitTests.csproj", "{40E67F9F-7949-4675-B7BD-4EFFA147D279}"
EndProject
Project("{FAE04EC0-301F-11D3-BF4B-00C04F79EFBC}") = "Data.Migrations", "Data.Migrations\Data.Migrations.csproj", "{229D306B-DE2E-407F-AF9C-FD6858930BD9}"
EndProject
Project("{FAE04EC0-301F-11D3-BF4B-00C04F79EFBC}") = "Admin", "Admin\Admin.csproj", "{9B1D0F25-8FD5-45F8-B2E6-99FB417A7325}"
EndProject
Global
	GlobalSection(SolutionConfigurationPlatforms) = preSolution
		Debug|Any CPU = Debug|Any CPU
		Release|Any CPU = Release|Any CPU
	EndGlobalSection
	GlobalSection(ProjectConfigurationPlatforms) = postSolution
		{30C6D500-01E9-4946-AC94-7FC9BD57DF27}.Debug|Any CPU.ActiveCfg = Debug|Any CPU
		{30C6D500-01E9-4946-AC94-7FC9BD57DF27}.Debug|Any CPU.Build.0 = Debug|Any CPU
		{30C6D500-01E9-4946-AC94-7FC9BD57DF27}.Release|Any CPU.ActiveCfg = Release|Any CPU
		{30C6D500-01E9-4946-AC94-7FC9BD57DF27}.Release|Any CPU.Build.0 = Release|Any CPU
		{65267A9F-A1EF-44CB-BB99-C36B2C914FC2}.Debug|Any CPU.ActiveCfg = Debug|Any CPU
		{65267A9F-A1EF-44CB-BB99-C36B2C914FC2}.Debug|Any CPU.Build.0 = Debug|Any CPU
		{65267A9F-A1EF-44CB-BB99-C36B2C914FC2}.Release|Any CPU.ActiveCfg = Release|Any CPU
		{65267A9F-A1EF-44CB-BB99-C36B2C914FC2}.Release|Any CPU.Build.0 = Release|Any CPU
		{CEB89DA9-4FA6-44E8-831C-950FB6BEED20}.Debug|Any CPU.ActiveCfg = Debug|Any CPU
		{CEB89DA9-4FA6-44E8-831C-950FB6BEED20}.Debug|Any CPU.Build.0 = Debug|Any CPU
		{CEB89DA9-4FA6-44E8-831C-950FB6BEED20}.Release|Any CPU.ActiveCfg = Release|Any CPU
		{CEB89DA9-4FA6-44E8-831C-950FB6BEED20}.Release|Any CPU.Build.0 = Release|Any CPU
		{40E67F9F-7949-4675-B7BD-4EFFA147D279}.Debug|Any CPU.ActiveCfg = Debug|Any CPU
		{40E67F9F-7949-4675-B7BD-4EFFA147D279}.Debug|Any CPU.Build.0 = Debug|Any CPU
		{40E67F9F-7949-4675-B7BD-4EFFA147D279}.Release|Any CPU.ActiveCfg = Release|Any CPU
		{40E67F9F-7949-4675-B7BD-4EFFA147D279}.Release|Any CPU.Build.0 = Release|Any CPU
		{229D306B-DE2E-407F-AF9C-FD6858930BD9}.Debug|Any CPU.ActiveCfg = Debug|Any CPU
		{229D306B-DE2E-407F-AF9C-FD6858930BD9}.Debug|Any CPU.Build.0 = Debug|Any CPU
		{229D306B-DE2E-407F-AF9C-FD6858930BD9}.Release|Any CPU.ActiveCfg = Release|Any CPU
		{229D306B-DE2E-407F-AF9C-FD6858930BD9}.Release|Any CPU.Build.0 = Release|Any CPU
		{9B1D0F25-8FD5-45F8-B2E6-99FB417A7325}.Debug|Any CPU.ActiveCfg = Debug|Any CPU
		{9B1D0F25-8FD5-45F8-B2E6-99FB417A7325}.Debug|Any CPU.Build.0 = Debug|Any CPU
		{9B1D0F25-8FD5-45F8-B2E6-99FB417A7325}.Release|Any CPU.ActiveCfg = Release|Any CPU
		{9B1D0F25-8FD5-45F8-B2E6-99FB417A7325}.Release|Any CPU.Build.0 = Release|Any CPU
	EndGlobalSection
	GlobalSection(SolutionProperties) = preSolution
		HideSolutionNode = FALSE
	EndGlobalSection
EndGlobal
