
Microsoft Visual Studio Solution File, Format Version 12.00
# Visual Studio 2012
Project("{FAE04EC0-301F-11D3-BF4B-00C04F79EFBC}") = "ProductAssistant", "ProductAssistant\ProductAssistant.csproj", "{F1CAF69F-59EF-4F54-AD96-768CB5313C2B}"
EndProject
Project("{FAE04EC0-301F-11D3-BF4B-00C04F79EFBC}") = "ProductAssistant.DAL", "ProductAssistant.DAL\ProductAssistant.DAL.csproj", "{830B2BAF-6EF2-4ACC-B785-D328E3E5FB6D}"
EndProject
Global
	GlobalSection(SolutionConfigurationPlatforms) = preSolution
		Debug|Any CPU = Debug|Any CPU
		Release|Any CPU = Release|Any CPU
	EndGlobalSection
	GlobalSection(ProjectConfigurationPlatforms) = postSolution
		{F1CAF69F-59EF-4F54-AD96-768CB5313C2B}.Debug|Any CPU.ActiveCfg = Debug|Any CPU
		{F1CAF69F-59EF-4F54-AD96-768CB5313C2B}.Debug|Any CPU.Build.0 = Debug|Any CPU
		{F1CAF69F-59EF-4F54-AD96-768CB5313C2B}.Release|Any CPU.ActiveCfg = Release|Any CPU
		{F1CAF69F-59EF-4F54-AD96-768CB5313C2B}.Release|Any CPU.Build.0 = Release|Any CPU
		{830B2BAF-6EF2-4ACC-B785-D328E3E5FB6D}.Debug|Any CPU.ActiveCfg = Debug|Any CPU
		{830B2BAF-6EF2-4ACC-B785-D328E3E5FB6D}.Debug|Any CPU.Build.0 = Debug|Any CPU
		{830B2BAF-6EF2-4ACC-B785-D328E3E5FB6D}.Release|Any CPU.ActiveCfg = Release|Any CPU
		{830B2BAF-6EF2-4ACC-B785-D328E3E5FB6D}.Release|Any CPU.Build.0 = Release|Any CPU
	EndGlobalSection
	GlobalSection(SolutionProperties) = preSolution
		HideSolutionNode = FALSE
	EndGlobalSection
EndGlobal
